
Microsoft Visual Studio Solution File, Format Version 12.00
# Visual Studio 15
VisualStudioVersion = 15.0.26730.10
MinimumVisualStudioVersion = 10.0.40219.1
Project("{FAE04EC0-301F-11D3-BF4B-00C04F79EFBC}") = "ParentsBank", "ParentsBank\ParentsBank.csproj", "{8FE8FC12-1FE0-475F-AC81-F884058B5687}"
EndProject
Global
	GlobalSection(SolutionConfigurationPlatforms) = preSolution
		Debug|Any CPU = Debug|Any CPU
		Release|Any CPU = Release|Any CPU
	EndGlobalSection
	GlobalSection(ProjectConfigurationPlatforms) = postSolution
		{8FE8FC12-1FE0-475F-AC81-F884058B5687}.Debug|Any CPU.ActiveCfg = Debug|Any CPU
		{8FE8FC12-1FE0-475F-AC81-F884058B5687}.Debug|Any CPU.Build.0 = Debug|Any CPU
		{8FE8FC12-1FE0-475F-AC81-F884058B5687}.Release|Any CPU.ActiveCfg = Release|Any CPU
		{8FE8FC12-1FE0-475F-AC81-F884058B5687}.Release|Any CPU.Build.0 = Release|Any CPU
	EndGlobalSection
	GlobalSection(SolutionProperties) = preSolution
		HideSolutionNode = FALSE
	EndGlobalSection
	GlobalSection(ExtensibilityGlobals) = postSolution
		SolutionGuid = {249E1908-F78B-404A-A51B-8014A4012CEC}
	EndGlobalSection
EndGlobal
